{
  "requires": true,
  "lockfileVersion": 1,
  "dependencies": {
    "angular": {
      "version": "1.7.3",
      "resolved": "http://registry.npm.taobao.org/angular/download/angular-1.7.3.tgz",
      "integrity": "sha1-DyWmYdB5/ITVzMh3ou+dcXhXXds="
    },
    "freewind-angularjs-module-red-panel": {
      "version": "1.0.1",
      "resolved": "https://registry.npmjs.org/freewind-angularjs-module-red-panel/-/freewind-angularjs-module-red-panel-1.0.1.tgz",
      "integrity": "sha512-2jp4/Mo8ZHf9cAX+aqPLgu2pVbLNjufNY4CqdAFdZ9/HkWm6NaPn/lMh44hglx+ADLNgbIJiFin9VeKiZ80Tfw==",
      "requires": {
        "angular": "^1.7.3"
      }
    }
  }
}
